
Microsoft Visual Studio Solution File, Format Version 12.00
# Visual Studio Version 17
VisualStudioVersion = 17.11.35219.272
MinimumVisualStudioVersion = 10.0.40219.1
Project("{9A19103F-16F7-4668-BE54-9A1E7A4F7556}") = "CertReaderConsole", "CertReaderConsole.csproj", "{E43C250D-584F-4C46-82B0-6C01567C15D4}"
EndProject
Project("{9A19103F-16F7-4668-BE54-9A1E7A4F7556}") = "WFProxyManager", "..\WFProxyManager\WFProxyManager.csproj", "{97795810-4872-4630-9D0C-150A4F0D17E8}"
EndProject
Project("{9A19103F-16F7-4668-BE54-9A1E7A4F7556}") = "WinAudioMixerLib", "..\WinAudioMixerLib\WinAudioMixerLib.csproj", "{90A966CC-8A21-440D-9ED6-49E5A8CFAFBC}"
EndProject
Project("{FAE04EC0-301F-11D3-BF4B-00C04F79EFBC}") = "AudioConsoleApp", "..\AudioConsoleApp\AudioConsoleApp.csproj", "{A1F6A458-B27B-4313-A0F8-A3AA1F310A82}"
EndProject
Global
	GlobalSection(SolutionConfigurationPlatforms) = preSolution
		Debug|Any CPU = Debug|Any CPU
		Debug|x64 = Debug|x64
		Release|Any CPU = Release|Any CPU
		Release|x64 = Release|x64
	EndGlobalSection
	GlobalSection(ProjectConfigurationPlatforms) = postSolution
		{E43C250D-584F-4C46-82B0-6C01567C15D4}.Debug|Any CPU.ActiveCfg = Debug|Any CPU
		{E43C250D-584F-4C46-82B0-6C01567C15D4}.Debug|Any CPU.Build.0 = Debug|Any CPU
		{E43C250D-584F-4C46-82B0-6C01567C15D4}.Debug|x64.ActiveCfg = Debug|x64
		{E43C250D-584F-4C46-82B0-6C01567C15D4}.Debug|x64.Build.0 = Debug|x64
		{E43C250D-584F-4C46-82B0-6C01567C15D4}.Release|Any CPU.ActiveCfg = Release|Any CPU
		{E43C250D-584F-4C46-82B0-6C01567C15D4}.Release|Any CPU.Build.0 = Release|Any CPU
		{E43C250D-584F-4C46-82B0-6C01567C15D4}.Release|x64.ActiveCfg = Release|x64
		{E43C250D-584F-4C46-82B0-6C01567C15D4}.Release|x64.Build.0 = Release|x64
		{97795810-4872-4630-9D0C-150A4F0D17E8}.Debug|Any CPU.ActiveCfg = Debug|Any CPU
		{97795810-4872-4630-9D0C-150A4F0D17E8}.Debug|Any CPU.Build.0 = Debug|Any CPU
		{97795810-4872-4630-9D0C-150A4F0D17E8}.Debug|x64.ActiveCfg = Debug|Any CPU
		{97795810-4872-4630-9D0C-150A4F0D17E8}.Debug|x64.Build.0 = Debug|Any CPU
		{97795810-4872-4630-9D0C-150A4F0D17E8}.Release|Any CPU.ActiveCfg = Release|Any CPU
		{97795810-4872-4630-9D0C-150A4F0D17E8}.Release|Any CPU.Build.0 = Release|Any CPU
		{97795810-4872-4630-9D0C-150A4F0D17E8}.Release|x64.ActiveCfg = Release|Any CPU
		{97795810-4872-4630-9D0C-150A4F0D17E8}.Release|x64.Build.0 = Release|Any CPU
		{90A966CC-8A21-440D-9ED6-49E5A8CFAFBC}.Debug|Any CPU.ActiveCfg = Debug|Any CPU
		{90A966CC-8A21-440D-9ED6-49E5A8CFAFBC}.Debug|Any CPU.Build.0 = Debug|Any CPU
		{90A966CC-8A21-440D-9ED6-49E5A8CFAFBC}.Debug|x64.ActiveCfg = Debug|Any CPU
		{90A966CC-8A21-440D-9ED6-49E5A8CFAFBC}.Debug|x64.Build.0 = Debug|Any CPU
		{90A966CC-8A21-440D-9ED6-49E5A8CFAFBC}.Release|Any CPU.ActiveCfg = Release|Any CPU
		{90A966CC-8A21-440D-9ED6-49E5A8CFAFBC}.Release|Any CPU.Build.0 = Release|Any CPU
		{90A966CC-8A21-440D-9ED6-49E5A8CFAFBC}.Release|x64.ActiveCfg = Release|Any CPU
		{90A966CC-8A21-440D-9ED6-49E5A8CFAFBC}.Release|x64.Build.0 = Release|Any CPU
		{A1F6A458-B27B-4313-A0F8-A3AA1F310A82}.Debug|Any CPU.ActiveCfg = Debug|Any CPU
		{A1F6A458-B27B-4313-A0F8-A3AA1F310A82}.Debug|Any CPU.Build.0 = Debug|Any CPU
		{A1F6A458-B27B-4313-A0F8-A3AA1F310A82}.Debug|x64.ActiveCfg = Debug|Any CPU
		{A1F6A458-B27B-4313-A0F8-A3AA1F310A82}.Debug|x64.Build.0 = Debug|Any CPU
		{A1F6A458-B27B-4313-A0F8-A3AA1F310A82}.Release|Any CPU.ActiveCfg = Release|Any CPU
		{A1F6A458-B27B-4313-A0F8-A3AA1F310A82}.Release|Any CPU.Build.0 = Release|Any CPU
		{A1F6A458-B27B-4313-A0F8-A3AA1F310A82}.Release|x64.ActiveCfg = Release|Any CPU
		{A1F6A458-B27B-4313-A0F8-A3AA1F310A82}.Release|x64.Build.0 = Release|Any CPU
	EndGlobalSection
	GlobalSection(SolutionProperties) = preSolution
		HideSolutionNode = FALSE
	EndGlobalSection
	GlobalSection(ExtensibilityGlobals) = postSolution
		SolutionGuid = {E8487FB9-D3B5-4D6A-8EE7-9E8BDF5B4C6E}
	EndGlobalSection
EndGlobal
